
Microsoft Visual Studio Solution File, Format Version 12.00
# Visual Studio Version 17
VisualStudioVersion = 17.2.32519.379
MinimumVisualStudioVersion = 10.0.40219.1
Project("{FAE04EC0-301F-11D3-BF4B-00C04F79EFBC}") = "Q1", "Q1\Q1.csproj", "{440D5FA8-0CB6-4D2F-BC20-03EA981A67CF}"
EndProject
Project("{FAE04EC0-301F-11D3-BF4B-00C04F79EFBC}") = "Q2", "Q2\Q2.csproj", "{031E8450-4ECE-4BEC-A389-6F5E6633DCCC}"
EndProject
Project("{FAE04EC0-301F-11D3-BF4B-00C04F79EFBC}") = "Q3", "Q3\Q3.csproj", "{87256D67-CD10-43B5-B16B-8FDA31CA8908}"
EndProject
Project("{FAE04EC0-301F-11D3-BF4B-00C04F79EFBC}") = "Q4", "Q4\Q4.csproj", "{ACC78A89-B978-40E5-852F-6FC84D37808F}"
EndProject
Global
	GlobalSection(SolutionConfigurationPlatforms) = preSolution
		Debug|Any CPU = Debug|Any CPU
		Release|Any CPU = Release|Any CPU
	EndGlobalSection
	GlobalSection(ProjectConfigurationPlatforms) = postSolution
		{440D5FA8-0CB6-4D2F-BC20-03EA981A67CF}.Debug|Any CPU.ActiveCfg = Debug|Any CPU
		{440D5FA8-0CB6-4D2F-BC20-03EA981A67CF}.Debug|Any CPU.Build.0 = Debug|Any CPU
		{440D5FA8-0CB6-4D2F-BC20-03EA981A67CF}.Release|Any CPU.ActiveCfg = Release|Any CPU
		{440D5FA8-0CB6-4D2F-BC20-03EA981A67CF}.Release|Any CPU.Build.0 = Release|Any CPU
		{031E8450-4ECE-4BEC-A389-6F5E6633DCCC}.Debug|Any CPU.ActiveCfg = Debug|Any CPU
		{031E8450-4ECE-4BEC-A389-6F5E6633DCCC}.Debug|Any CPU.Build.0 = Debug|Any CPU
		{031E8450-4ECE-4BEC-A389-6F5E6633DCCC}.Release|Any CPU.ActiveCfg = Release|Any CPU
		{031E8450-4ECE-4BEC-A389-6F5E6633DCCC}.Release|Any CPU.Build.0 = Release|Any CPU
		{87256D67-CD10-43B5-B16B-8FDA31CA8908}.Debug|Any CPU.ActiveCfg = Debug|Any CPU
		{87256D67-CD10-43B5-B16B-8FDA31CA8908}.Debug|Any CPU.Build.0 = Debug|Any CPU
		{87256D67-CD10-43B5-B16B-8FDA31CA8908}.Release|Any CPU.ActiveCfg = Release|Any CPU
		{87256D67-CD10-43B5-B16B-8FDA31CA8908}.Release|Any CPU.Build.0 = Release|Any CPU
		{ACC78A89-B978-40E5-852F-6FC84D37808F}.Debug|Any CPU.ActiveCfg = Debug|Any CPU
		{ACC78A89-B978-40E5-852F-6FC84D37808F}.Debug|Any CPU.Build.0 = Debug|Any CPU
		{ACC78A89-B978-40E5-852F-6FC84D37808F}.Release|Any CPU.ActiveCfg = Release|Any CPU
		{ACC78A89-B978-40E5-852F-6FC84D37808F}.Release|Any CPU.Build.0 = Release|Any CPU
	EndGlobalSection
	GlobalSection(SolutionProperties) = preSolution
		HideSolutionNode = FALSE
	EndGlobalSection
	GlobalSection(ExtensibilityGlobals) = postSolution
		SolutionGuid = {9A29D97C-57D2-4300-83DF-CBFA8FE480B9}
	EndGlobalSection
EndGlobal
